
Microsoft Visual Studio Solution File, Format Version 12.00
# Visual Studio Version 17
VisualStudioVersion = 17.4.33213.308
MinimumVisualStudioVersion = 10.0.40219.1
Project("{FAE04EC0-301F-11D3-BF4B-00C04F79EFBC}") = "test", "test\test.csproj", "{029664A1-4334-481A-87B3-401E7DDFD745}"
EndProject
Project("{FAE04EC0-301F-11D3-BF4B-00C04F79EFBC}") = "test2", "test2\test2.csproj", "{65E066FF-56BE-44DD-A9A1-F2E581F2835D}"
EndProject
Project("{FAE04EC0-301F-11D3-BF4B-00C04F79EFBC}") = "test3", "test3\test3.csproj", "{89126525-5145-4DD6-B56C-D8CC9E753B62}"
EndProject
Global
	GlobalSection(SolutionConfigurationPlatforms) = preSolution
		Debug|Any CPU = Debug|Any CPU
		Release|Any CPU = Release|Any CPU
	EndGlobalSection
	GlobalSection(ProjectConfigurationPlatforms) = postSolution
		{029664A1-4334-481A-87B3-401E7DDFD745}.Debug|Any CPU.ActiveCfg = Debug|Any CPU
		{029664A1-4334-481A-87B3-401E7DDFD745}.Debug|Any CPU.Build.0 = Debug|Any CPU
		{029664A1-4334-481A-87B3-401E7DDFD745}.Release|Any CPU.ActiveCfg = Release|Any CPU
		{029664A1-4334-481A-87B3-401E7DDFD745}.Release|Any CPU.Build.0 = Release|Any CPU
		{65E066FF-56BE-44DD-A9A1-F2E581F2835D}.Debug|Any CPU.ActiveCfg = Debug|Any CPU
		{65E066FF-56BE-44DD-A9A1-F2E581F2835D}.Debug|Any CPU.Build.0 = Debug|Any CPU
		{65E066FF-56BE-44DD-A9A1-F2E581F2835D}.Release|Any CPU.ActiveCfg = Release|Any CPU
		{65E066FF-56BE-44DD-A9A1-F2E581F2835D}.Release|Any CPU.Build.0 = Release|Any CPU
		{89126525-5145-4DD6-B56C-D8CC9E753B62}.Debug|Any CPU.ActiveCfg = Debug|Any CPU
		{89126525-5145-4DD6-B56C-D8CC9E753B62}.Debug|Any CPU.Build.0 = Debug|Any CPU
		{89126525-5145-4DD6-B56C-D8CC9E753B62}.Release|Any CPU.ActiveCfg = Release|Any CPU
		{89126525-5145-4DD6-B56C-D8CC9E753B62}.Release|Any CPU.Build.0 = Release|Any CPU
	EndGlobalSection
	GlobalSection(SolutionProperties) = preSolution
		HideSolutionNode = FALSE
	EndGlobalSection
	GlobalSection(ExtensibilityGlobals) = postSolution
		SolutionGuid = {F11A8429-98F2-4521-A273-D795A8B40801}
	EndGlobalSection
EndGlobal
